version = 1
revision = 3
requires-python = "==3.11.*"
resolution-markers = [
    "sys_platform == 'win32'",
    "sys_platform == 'emscripten'",
    "sys_platform != 'emscripten' and sys_platform != 'win32'",
]

[[package]]
name = "absl-py"
version = "2.4.0"
source = { registry = "https://pypi.org/simple" }
sdist = { url = "https://files.pythonhosted.org/packages/64/c7/8de93764ad66968d19329a7e0c147a2bb3c7054c554d4a119111b8f9440f/absl_py-2.4.0.tar.gz", hash = "sha256:8c6af82722b35cf71e0f4d1d47dcaebfff286e27110a99fc359349b247dfb5d4", size = 116543, upload-time = "2026-01-28T10:17:05.322Z" }
wheels = [
    { url = "https://files.pythonhosted.org/packages/18/a6/907a406bb7d359e6a63f99c313846d9eec4f7e6f7437809e03aa00fa3074/absl_py-2.4.0-py3-none-any.whl", hash = "sha256:88476fd881ca8aab94ffa78b7b6c632a782ab3ba1cd19c9bd423abc4fb4cd28d", size = 135750, upload-time = "2026-01-28T10:17:04.19Z" },
]

[[package]]
name = "colorama"
version = "0.4.6"
source = { registry = "https://pypi.org/simple" }
sdist = { url = "https://files.pythonhosted.org/packages/d8/53/6f443c9a4a8358a93a6792e2acffb9d9d5cb0a5cfd8802644b7b1c9a02e4/colorama-0.4.6.tar.gz", hash = "sha256:08695f5cb7ed6e0531a20572697297273c47b8cae5a63ffc6d6ed5c201be6e44", size = 27697, upload-time = "2022-10-25T02:36:22.414Z" }
wheels = [
    { url = "https://files.pythonhosted.org/packages/d1/d6/3965ed04c63042e047cb6a3e6ed1a63a35087b6a609aa3a15ed8ac56c221/colorama-0.4.6-py2.py3-none-any.whl", hash = "sha256:4f1d9991f5acc0ca119f9d443620b77f9d6b33703e51011c16baf57afb285fc6", size = 25335, upload-time = "2022-10-25T02:36:20.889Z" },
]

[[package]]
name = "cpmpy"
version = "0.10.0"
source = { registry = "https://pypi.org/simple" }
dependencies = [
    { name = "numpy" },
    { name = "ortools" },
    { name = "packaging" },
    { name = "setuptools" },
]
sdist = { url = "https://files.pythonhosted.org/packages/41/7d/0a572d724b5c38d90b9b805b4d624333e379abc962f98f63bc564ed80b41/cpmpy-0.10.0.tar.gz", hash = "sha256:2069dde3705e18964fe52e05a70985d0d8eee8979a850e26b937cd8682583b16", size = 293547, upload-time = "2026-01-19T13:02:04.369Z" }
wheels = [
    { url = "https://files.pythonhosted.org/packages/4c/a3/82336551d5373aa653c833afca412ea629823f0cfe338bb9930f4814034d/cpmpy-0.10.0-py3-none-any.whl", hash = "sha256:ef9be6eb48e2f5cd436234634e0ad72733e765c70cfcdea630183bff443ec9ef", size = 279930, upload-time = "2026-01-19T13:02:03.017Z" },
]

[[package]]
name = "cumulative-lifting"
version = "0.2.1"
source = { virtual = "." }
dependencies = [
    { name = "cpmpy" },
    { name = "loguru" },
    { name = "minizinc" },
    { name = "scipy" },
    { name = "setuptools" },
]

[package.optional-dependencies]
milp-solvers = [
    { name = "gurobipy" },
    { name = "pyscipopt" },
]

[package.metadata]
requires-dist = [
    { name = "cpmpy", specifier = ">=0.9.28" },
    { name = "gurobipy", marker = "extra == 'milp-solvers'", specifier = "==12.0.0" },
    { name = "loguru", specifier = ">=0.7.3" },
    { name = "minizinc", specifier = ">=0.10.0" },
    { name = "pyscipopt", marker = "extra == 'milp-solvers'", specifier = ">=6.0.0" },
    { name = "scipy", specifier = ">=1.17.0" },
    { name = "setuptools", specifier = "==80.0.0" },
]
provides-extras = ["milp-solvers"]

[[package]]
name = "gurobipy"
version = "12.0.0"
source = { registry = "https://pypi.org/simple" }
wheels = [
    { url = "https://files.pythonhosted.org/packages/e8/53/79e8d29c346d88e59e64907612286a8bb68f7f4a97125e564d182a822811/gurobipy-12.0.0-cp311-cp311-macosx_10_9_universal2.whl", hash = "sha256:2910b77d8eca51509f238bbe4d042382a2cb204ba79338086718ae4e8976ff9d", size = 12227025, upload-time = "2024-11-12T02:06:20.521Z" },
    { url = "https://files.pythonhosted.org/packages/39/1f/e2bab5e7edffce2bd721c3984fc5047317726354e630b9bcadcd8cda9ea0/gurobipy-12.0.0-cp311-cp311-manylinux2014_aarch64.manylinux_2_17_aarch64.whl", hash = "sha256:fc3892e3d88d0f8a01da75f12f74023d398ef599a9e1add66ed76313733e30fb", size = 62705459, upload-time = "2024-11-12T02:06:25.476Z" },
    { url = "https://files.pythonhosted.org/packages/92/75/22fb793d8da25b1737616a41ac771ac19bfef7a7c5824809e9518024ca5b/gurobipy-12.0.0-cp311-cp311-manylinux2014_x86_64.manylinux_2_17_x86_64.whl", hash = "sha256:a08fb42a5e7cb02cdb993c1381c8b8c5a3baeedcadd56e7288d8458a57b81442", size = 14425125, upload-time = "2024-11-12T02:06:29.687Z" },
    { url = "https://files.pythonhosted.org/packages/d9/1a/a511f48427c7c3e5838769bc3d0a4971cdf9fb71516825d6657a65dbed0e/gurobipy-12.0.0-cp311-cp311-win_amd64.whl", hash = "sha256:5084c4c9b1f82c3ae3e70ac3395bb0cf74b16220b0a016270bc145ca0489eec8", size = 11198933, upload-time = "2024-11-12T02:06:32.211Z" },
]

[[package]]
name = "immutabledict"
version = "4.3.1"
source = { registry = "https://pypi.org/simple" }
sdist = { url = "https://files.pythonhosted.org/packages/1d/e6/718471048fea0366c3e3d1df3acfd914ca66d571cdffcf6d37bbcd725708/immutabledict-4.3.1.tar.gz", hash = "sha256:f844a669106cfdc73f47b1a9da003782fb17dc955a54c80972e0d93d1c63c514", size = 7806, upload-time = "2026-02-15T10:32:34.668Z" }
wheels = [
    { url = "https://files.pythonhosted.org/packages/a3/ce/f9018bf69ae91b273b6391a095e7c93fa5e1617f25b6ba81ad4b20c9df10/immutabledict-4.3.1-py3-none-any.whl", hash = "sha256:c9facdc0ff30fdb8e35bd16532026cac472a549e182c94fa201b51b25e4bf7bf", size = 5000, upload-time = "2026-02-15T10:32:33.672Z" },
]

[[package]]
name = "loguru"
version = "0.7.3"
source = { registry = "https://pypi.org/simple" }
dependencies = [
    { name = "colorama", marker = "sys_platform == 'win32'" },
    { name = "win32-setctime", marker = "sys_platform == 'win32'" },
]
sdist = { url = "https://files.pythonhosted.org/packages/3a/05/a1dae3dffd1116099471c643b8924f5aa6524411dc6c63fdae648c4f1aca/loguru-0.7.3.tar.gz", hash = "sha256:19480589e77d47b8d85b2c827ad95d49bf31b0dcde16593892eb51dd18706eb6", size = 63559, upload-time = "2024-12-06T11:20:56.608Z" }
wheels = [
    { url = "https://files.pythonhosted.org/packages/0c/29/0348de65b8cc732daa3e33e67806420b2ae89bdce2b04af740289c5c6c8c/loguru-0.7.3-py3-none-any.whl", hash = "sha256:31a33c10c8e1e10422bfd431aeb5d351c7cf7fa671e3c4df004162264b28220c", size = 61595, upload-time = "2024-12-06T11:20:54.538Z" },
]

[[package]]
name = "minizinc"
version = "0.10.0"
source = { registry = "https://pypi.org/simple" }
sdist = { url = "https://files.pythonhosted.org/packages/dd/3c/f425820ca7d05f824563282998504719dfaef1022608808a6c36e44396f4/minizinc-0.10.0.tar.gz", hash = "sha256:ce1d3501ce45068a5cf419a71e5aa507e3a62a3088638ae96a200ec329f90a3a", size = 46929, upload-time = "2025-02-25T03:38:04.239Z" }
wheels = [
    { url = "https://files.pythonhosted.org/packages/d1/1d/d1dc3d250643defde3d71cd9d64911b057ec38b88bc1555ed55b6260fc4f/minizinc-0.10.0-py3-none-any.whl", hash = "sha256:8bd951866f8b246c4210b801bfc926e6bf7bc59a17f002b4c5fc49d9d9ec17e3", size = 44819, upload-time = "2025-02-25T03:38:02.035Z" },
]

[[package]]
name = "numpy"
version = "2.4.2"
source = { registry = "https://pypi.org/simple" }
sdist = { url = "https://files.pythonhosted.org/packages/57/fd/0005efbd0af48e55eb3c7208af93f2862d4b1a56cd78e84309a2d959208d/numpy-2.4.2.tar.gz", hash = "sha256:659a6107e31a83c4e33f763942275fd278b21d095094044eb35569e86a21ddae", size = 20723651, upload-time = "2026-01-31T23:13:10.135Z" }
wheels = [
    { url = "https://files.pythonhosted.org/packages/d3/44/71852273146957899753e69986246d6a176061ea183407e95418c2aa4d9a/numpy-2.4.2-cp311-cp311-macosx_10_9_x86_64.whl", hash = "sha256:e7e88598032542bd49af7c4747541422884219056c268823ef6e5e89851c8825", size = 16955478, upload-time = "2026-01-31T23:10:25.623Z" },
    { url = "https://files.pythonhosted.org/packages/74/41/5d17d4058bd0cd96bcbd4d9ff0fb2e21f52702aab9a72e4a594efa18692f/numpy-2.4.2-cp311-cp311-macosx_11_0_arm64.whl", hash = "sha256:7edc794af8b36ca37ef5fcb5e0d128c7e0595c7b96a2318d1badb6fcd8ee86b1", size = 14965467, upload-time = "2026-01-31T23:10:28.186Z" },
    { url = "https://files.pythonhosted.org/packages/49/48/fb1ce8136c19452ed15f033f8aee91d5defe515094e330ce368a0647846f/numpy-2.4.2-cp311-cp311-macosx_14_0_arm64.whl", hash = "sha256:6e9f61981ace1360e42737e2bae58b27bf28a1b27e781721047d84bd754d32e7", size = 5475172, upload-time = "2026-01-31T23:10:30.848Z" },
    { url = "https://files.pythonhosted.org/packages/40/a9/3feb49f17bbd1300dd2570432961f5c8a4ffeff1db6f02c7273bd020a4c9/numpy-2.4.2-cp311-cp311-macosx_14_0_x86_64.whl", hash = "sha256:cb7bbb88aa74908950d979eeaa24dbdf1a865e3c7e45ff0121d8f70387b55f73", size = 6805145, upload-time = "2026-01-31T23:10:32.352Z" },
    { url = "https://files.pythonhosted.org/packages/3f/39/fdf35cbd6d6e2fcad42fcf85ac04a85a0d0fbfbf34b30721c98d602fd70a/numpy-2.4.2-cp311-cp311-manylinux_2_27_aarch64.manylinux_2_28_aarch64.whl", hash = "sha256:4f069069931240b3fc703f1e23df63443dbd6390614c8c44a87d96cd0ec81eb1", size = 15966084, upload-time = "2026-01-31T23:10:34.502Z" },
    { url = "https://files.pythonhosted.org/packages/1b/46/6fa4ea94f1ddf969b2ee941290cca6f1bfac92b53c76ae5f44afe17ceb69/numpy-2.4.2-cp311-cp311-manylinux_2_27_x86_64.manylinux_2_28_x86_64.whl", hash = "sha256:c02ef4401a506fb60b411467ad501e1429a3487abca4664871d9ae0b46c8ba32", size = 16899477, upload-time = "2026-01-31T23:10:37.075Z" },
    { url = "https://files.pythonhosted.org/packages/09/a1/2a424e162b1a14a5bd860a464ab4e07513916a64ab1683fae262f735ccd2/numpy-2.4.2-cp311-cp311-musllinux_1_2_aarch64.whl", hash = "sha256:2653de5c24910e49c2b106499803124dde62a5a1fe0eedeaecf4309a5f639390", size = 17323429, upload-time = "2026-01-31T23:10:39.704Z" },
    { url = "https://files.pythonhosted.org/packages/ce/a2/73014149ff250628df72c58204822ac01d768697913881aacf839ff78680/numpy-2.4.2-cp311-cp311-musllinux_1_2_x86_64.whl", hash = "sha256:1ae241bbfc6ae276f94a170b14785e561cb5e7f626b6688cf076af4110887413", size = 18635109, upload-time = "2026-01-31T23:10:41.924Z" },
    { url = "https://files.pythonhosted.org/packages/6c/0c/73e8be2f1accd56df74abc1c5e18527822067dced5ec0861b5bb882c2ce0/numpy-2.4.2-cp311-cp311-win32.whl", hash = "sha256:df1b10187212b198dd45fa943d8985a3c8cf854aed4923796e0e019e113a1bda", size = 6237915, upload-time = "2026-01-31T23:10:45.26Z" },
    { url = "https://files.pythonhosted.org/packages/76/ae/e0265e0163cf127c24c3969d29f1c4c64551a1e375d95a13d32eab25d364/numpy-2.4.2-cp311-cp311-win_amd64.whl", hash = "sha256:b9c618d56a29c9cb1c4da979e9899be7578d2e0b3c24d52079c166324c9e8695", size = 12607972, upload-time = "2026-01-31T23:10:47.021Z" },
    { url = "https://files.pythonhosted.org/packages/29/a5/c43029af9b8014d6ea157f192652c50042e8911f4300f8f6ed3336bf437f/numpy-2.4.2-cp311-cp311-win_arm64.whl", hash = "sha256:47c5a6ed21d9452b10227e5e8a0e1c22979811cad7dcc19d8e3e2fb8fa03f1a3", size = 10485763, upload-time = "2026-01-31T23:10:50.087Z" },
    { url = "https://files.pythonhosted.org/packages/f4/f8/50e14d36d915ef64d8f8bc4a087fc8264d82c785eda6711f80ab7e620335/numpy-2.4.2-pp311-pypy311_pp73-macosx_10_15_x86_64.whl", hash = "sha256:89f7268c009bc492f506abd6f5265defa7cb3f7487dc21d357c3d290add45082", size = 16833179, upload-time = "2026-01-31T23:12:53.5Z" },
    { url = "https://files.pythonhosted.org/packages/17/17/809b5cad63812058a8189e91a1e2d55a5a18fd04611dbad244e8aeae465c/numpy-2.4.2-pp311-pypy311_pp73-macosx_11_0_arm64.whl", hash = "sha256:e6dee3bb76aa4009d5a912180bf5b2de012532998d094acee25d9cb8dee3e44a", size = 14889755, upload-time = "2026-01-31T23:12:55.933Z" },
    { url = "https://files.pythonhosted.org/packages/3e/ea/181b9bcf7627fc8371720316c24db888dcb9829b1c0270abf3d288b2e29b/numpy-2.4.2-pp311-pypy311_pp73-macosx_14_0_arm64.whl", hash = "sha256:cd2bd2bbed13e213d6b55dc1d035a4f91748a7d3edc9480c13898b0353708920", size = 5399500, upload-time = "2026-01-31T23:12:58.671Z" },
    { url = "https://files.pythonhosted.org/packages/33/9f/413adf3fc955541ff5536b78fcf0754680b3c6d95103230252a2c9408d23/numpy-2.4.2-pp311-pypy311_pp73-macosx_14_0_x86_64.whl", hash = "sha256:cf28c0c1d4c4bf00f509fa7eb02c58d7caf221b50b467bcb0d9bbf1584d5c821", size = 6714252, upload-time = "2026-01-31T23:13:00.518Z" },
    { url = "https://files.pythonhosted.org/packages/91/da/643aad274e29ccbdf42ecd94dafe524b81c87bcb56b83872d54827f10543/numpy-2.4.2-pp311-pypy311_pp73-manylinux_2_27_aarch64.manylinux_2_28_aarch64.whl", hash = "sha256:e04ae107ac591763a47398bb45b568fc38f02dbc4aa44c063f67a131f99346cb", size = 15797142, upload-time = "2026-01-31T23:13:02.219Z" },
    { url = "https://files.pythonhosted.org/packages/66/27/965b8525e9cb5dc16481b30a1b3c21e50c7ebf6e9dbd48d0c4d0d5089c7e/numpy-2.4.2-pp311-pypy311_pp73-manylinux_2_27_x86_64.manylinux_2_28_x86_64.whl", hash = "sha256:602f65afdef699cda27ec0b9224ae5dc43e328f4c24c689deaf77133dbee74d0", size = 16727979, upload-time = "2026-01-31T23:13:04.62Z" },
    { url = "https://files.pythonhosted.org/packages/de/e5/b7d20451657664b07986c2f6e3be564433f5dcaf3482d68eaecd79afaf03/numpy-2.4.2-pp311-pypy311_pp73-win_amd64.whl", hash = "sha256:be71bf1edb48ebbbf7f6337b5bfd2f895d1902f6335a5830b20141fc126ffba0", size = 12502577, upload-time = "2026-01-31T23:13:07.08Z" },
]

[[package]]
name = "ortools"
version = "9.14.6206"
source = { registry = "https://pypi.org/simple" }
dependencies = [
    { name = "absl-py" },
    { name = "immutabledict" },
    { name = "numpy" },
    { name = "pandas" },
    { name = "protobuf" },
    { name = "typing-extensions" },
]
wheels = [
    { url = "https://files.pythonhosted.org/packages/31/22/6989f0ece28fcac9da969be734dcd08fcca5a8852e48e237a4e071c62419/ortools-9.14.6206-cp311-cp311-macosx_10_15_x86_64.whl", hash = "sha256:8bcd8481846090585a4fac82800683555841685c49fa24578ad1e48a37918568", size = 22228768, upload-time = "2025-06-19T15:45:44.553Z" },
    { url = "https://files.pythonhosted.org/packages/f7/c8/094edd5b3a238757af6260e2c1dcfd1258346ef503ce73de63703fe154b9/ortools-9.14.6206-cp311-cp311-macosx_11_0_arm64.whl", hash = "sha256:5af2bbf2fff7d922ba036e27d7ff378abecb24749380c86a77fa6208d5ba35cd", size = 20222655, upload-time = "2025-06-19T15:45:48.39Z" },
    { url = "https://files.pythonhosted.org/packages/df/29/9a8f9a308f2516c662a89a85fef3fa5e3ffc83d21d105f560120eb8fb171/ortools-9.14.6206-cp311-cp311-manylinux_2_27_aarch64.manylinux_2_28_aarch64.whl", hash = "sha256:a6ab43490583c4bbf0fff4e51bb1c15675d5651c2e8e12ba974fd08e8c05a48f", size = 25657925, upload-time = "2025-06-19T15:47:13.592Z" },
    { url = "https://files.pythonhosted.org/packages/01/45/8b3492e2e725091ec33e6a09628d102c9aabffafbe84f316327dc71b98d6/ortools-9.14.6206-cp311-cp311-manylinux_2_27_x86_64.manylinux_2_28_x86_64.whl", hash = "sha256:9aa2c0c50a765c6a060960dcb0207bd6aeb6341f5adacb3d33e613b7e7409428", size = 27653495, upload-time = "2025-06-19T15:47:16.932Z" },
    { url = "https://files.pythonhosted.org/packages/b5/34/7250c799eede59cbf6eecc830399ef7948c4e7419d9e709704d1a2da4361/ortools-9.14.6206-cp311-cp311-musllinux_1_2_aarch64.whl", hash = "sha256:64ec63fd92125499e9ca6b72700406dda161eefdfef92f04c35c5150391f89a4", size = 27655065, upload-time = "2025-06-19T15:53:40.013Z" },
    { url = "https://files.pythonhosted.org/packages/f6/f0/2ce82db5cbeb628c1f7a736a228a7f0023441afc950fe953555124b43896/ortools-9.14.6206-cp311-cp311-musllinux_1_2_x86_64.whl", hash = "sha256:8651008f05257471f45a919ade5027afa12ab6f7a4fdf0a8bcc18c92032f8571", size = 29486478, upload-time = "2025-06-19T15:53:43.71Z" },
    { url = "https://files.pythonhosted.org/packages/5a/16/482f766ac4d28292a9c1095773820d1ff1dd0d4e74f7e0749519805980ef/ortools-9.14.6206-cp311-cp311-win_amd64.whl", hash = "sha256:ca60877830a631545234e83e7f6bd55830334a4d0c2b51f1669b1f2698d58b84", size = 20503273, upload-time = "2025-06-19T15:46:30.098Z" },
]

[[package]]
name = "packaging"
version = "26.0"
source = { registry = "https://pypi.org/simple" }
sdist = { url = "https://files.pythonhosted.org/packages/65/ee/299d360cdc32edc7d2cf530f3accf79c4fca01e96ffc950d8a52213bd8e4/packaging-26.0.tar.gz", hash = "sha256:00243ae351a257117b6a241061796684b084ed1c516a08c48a3f7e147a9d80b4", size = 143416, upload-time = "2026-01-21T20:50:39.064Z" }
wheels = [
    { url = "https://files.pythonhosted.org/packages/b7/b9/c538f279a4e237a006a2c98387d081e9eb060d203d8ed34467cc0f0b9b53/packaging-26.0-py3-none-any.whl", hash = "sha256:b36f1fef9334a5588b4166f8bcd26a14e521f2b55e6b9de3aaa80d3ff7a37529", size = 74366, upload-time = "2026-01-21T20:50:37.788Z" },
]

[[package]]
name = "pandas"
version = "3.0.0"
source = { registry = "https://pypi.org/simple" }
dependencies = [
    { name = "numpy" },
    { name = "python-dateutil" },
    { name = "tzdata", marker = "sys_platform == 'emscripten' or sys_platform == 'win32'" },
]
sdist = { url = "https://files.pythonhosted.org/packages/de/da/b1dc0481ab8d55d0f46e343cfe67d4551a0e14fcee52bd38ca1bd73258d8/pandas-3.0.0.tar.gz", hash = "sha256:0facf7e87d38f721f0af46fe70d97373a37701b1c09f7ed7aeeb292ade5c050f", size = 4633005, upload-time = "2026-01-21T15:52:04.726Z" }
wheels = [
    { url = "https://files.pythonhosted.org/packages/46/1e/b184654a856e75e975a6ee95d6577b51c271cd92cb2b020c9378f53e0032/pandas-3.0.0-cp311-cp311-macosx_10_9_x86_64.whl", hash = "sha256:d64ce01eb9cdca96a15266aa679ae50212ec52757c79204dbc7701a222401850", size = 10313247, upload-time = "2026-01-21T15:50:15.775Z" },
    { url = "https://files.pythonhosted.org/packages/dd/5e/e04a547ad0f0183bf151fd7c7a477468e3b85ff2ad231c566389e6cc9587/pandas-3.0.0-cp311-cp311-macosx_11_0_arm64.whl", hash = "sha256:613e13426069793aa1ec53bdcc3b86e8d32071daea138bbcf4fa959c9cdaa2e2", size = 9913131, upload-time = "2026-01-21T15:50:18.611Z" },
    { url = "https://files.pythonhosted.org/packages/a2/93/bb77bfa9fc2aba9f7204db807d5d3fb69832ed2854c60ba91b4c65ba9219/pandas-3.0.0-cp311-cp311-manylinux_2_24_aarch64.manylinux_2_28_aarch64.whl", hash = "sha256:0192fee1f1a8e743b464a6607858ee4b071deb0b118eb143d71c2a1d170996d5", size = 10741925, upload-time = "2026-01-21T15:50:21.058Z" },
    { url = "https://files.pythonhosted.org/packages/62/fb/89319812eb1d714bfc04b7f177895caeba8ab4a37ef6712db75ed786e2e0/pandas-3.0.0-cp311-cp311-manylinux_2_24_x86_64.manylinux_2_28_x86_64.whl", hash = "sha256:f0b853319dec8d5e0c8b875374c078ef17f2269986a78168d9bd57e49bf650ae", size = 11245979, upload-time = "2026-01-21T15:50:23.413Z" },
    { url = "https://files.pythonhosted.org/packages/a9/63/684120486f541fc88da3862ed31165b3b3e12b6a1c7b93be4597bc84e26c/pandas-3.0.0-cp311-cp311-musllinux_1_2_aarch64.whl", hash = "sha256:707a9a877a876c326ae2cb640fbdc4ef63b0a7b9e2ef55c6df9942dcee8e2af9", size = 11756337, upload-time = "2026-01-21T15:50:25.932Z" },
    { url = "https://files.pythonhosted.org/packages/39/92/7eb0ad232312b59aec61550c3c81ad0743898d10af5df7f80bc5e5065416/pandas-3.0.0-cp311-cp311-musllinux_1_2_x86_64.whl", hash = "sha256:afd0aa3d0b5cda6e0b8ffc10dbcca3b09ef3cbcd3fe2b27364f85fdc04e1989d", size = 12325517, upload-time = "2026-01-21T15:50:27.952Z" },
    { url = "https://files.pythonhosted.org/packages/51/27/bf9436dd0a4fc3130acec0828951c7ef96a0631969613a9a35744baf27f6/pandas-3.0.0-cp311-cp311-win_amd64.whl", hash = "sha256:113b4cca2614ff7e5b9fee9b6f066618fe73c5a83e99d721ffc41217b2bf57dd", size = 9881576, upload-time = "2026-01-21T15:50:30.149Z" },
    { url = "https://files.pythonhosted.org/packages/e7/2b/c618b871fce0159fd107516336e82891b404e3f340821853c2fc28c7830f/pandas-3.0.0-cp311-cp311-win_arm64.whl", hash = "sha256:c14837eba8e99a8da1527c0280bba29b0eb842f64aa94982c5e21227966e164b", size = 9140807, upload-time = "2026-01-21T15:50:32.308Z" },
]

[[package]]
name = "protobuf"
version = "6.31.1"
source = { registry = "https://pypi.org/simple" }
sdist = { url = "https://files.pythonhosted.org/packages/52/f3/b9655a711b32c19720253f6f06326faf90580834e2e83f840472d752bc8b/protobuf-6.31.1.tar.gz", hash = "sha256:d8cac4c982f0b957a4dc73a80e2ea24fab08e679c0de9deb835f4a12d69aca9a", size = 441797, upload-time = "2025-05-28T19:25:54.947Z" }
wheels = [
    { url = "https://files.pythonhosted.org/packages/f3/6f/6ab8e4bf962fd5570d3deaa2d5c38f0a363f57b4501047b5ebeb83ab1125/protobuf-6.31.1-cp310-abi3-win32.whl", hash = "sha256:7fa17d5a29c2e04b7d90e5e32388b8bfd0e7107cd8e616feef7ed3fa6bdab5c9", size = 423603, upload-time = "2025-05-28T19:25:41.198Z" },
    { url = "https://files.pythonhosted.org/packages/44/3a/b15c4347dd4bf3a1b0ee882f384623e2063bb5cf9fa9d57990a4f7df2fb6/protobuf-6.31.1-cp310-abi3-win_amd64.whl", hash = "sha256:426f59d2964864a1a366254fa703b8632dcec0790d8862d30034d8245e1cd447", size = 435283, upload-time = "2025-05-28T19:25:44.275Z" },
    { url = "https://files.pythonhosted.org/packages/6a/c9/b9689a2a250264a84e66c46d8862ba788ee7a641cdca39bccf64f59284b7/protobuf-6.31.1-cp39-abi3-macosx_10_9_universal2.whl", hash = "sha256:6f1227473dc43d44ed644425268eb7c2e488ae245d51c6866d19fe158e207402", size = 425604, upload-time = "2025-05-28T19:25:45.702Z" },
    { url = "https://files.pythonhosted.org/packages/76/a1/7a5a94032c83375e4fe7e7f56e3976ea6ac90c5e85fac8576409e25c39c3/protobuf-6.31.1-cp39-abi3-manylinux2014_aarch64.whl", hash = "sha256:a40fc12b84c154884d7d4c4ebd675d5b3b5283e155f324049ae396b95ddebc39", size = 322115, upload-time = "2025-05-28T19:25:47.128Z" },
    { url = "https://files.pythonhosted.org/packages/fa/b1/b59d405d64d31999244643d88c45c8241c58f17cc887e73bcb90602327f8/protobuf-6.31.1-cp39-abi3-manylinux2014_x86_64.whl", hash = "sha256:4ee898bf66f7a8b0bd21bce523814e6fbd8c6add948045ce958b73af7e8878c6", size = 321070, upload-time = "2025-05-28T19:25:50.036Z" },
    { url = "https://files.pythonhosted.org/packages/f7/af/ab3c51ab7507a7325e98ffe691d9495ee3d3aa5f589afad65ec920d39821/protobuf-6.31.1-py3-none-any.whl", hash = "sha256:720a6c7e6b77288b85063569baae8536671b39f15cc22037ec7045658d80489e", size = 168724, upload-time = "2025-05-28T19:25:53.926Z" },
]

[[package]]
name = "pyscipopt"
version = "6.1.0"
source = { registry = "https://pypi.org/simple" }
dependencies = [
    { name = "numpy" },
]
sdist = { url = "https://files.pythonhosted.org/packages/36/3c/158d647974810307ec4bec143cfe6b8044d338a42d326b31ac0b4ca181b8/pyscipopt-6.1.0.tar.gz", hash = "sha256:7a6b144fd3a7485a85ffa2e6eea71d8251f2ca8bbc84cb2b36d6bb08d1c17e17", size = 1648416, upload-time = "2026-02-05T23:23:41.332Z" }
wheels = [
    { url = "https://files.pythonhosted.org/packages/71/0c/36f80ad8fb039b9c82e9db34eeb4795e9eaf1f4ceefe2d2a395ec7a5cfa1/pyscipopt-6.1.0-cp311-cp311-macosx_14_0_arm64.whl", hash = "sha256:fb448c6a69b004bead0ee64ab2a7a3441bd09ac58718ee5183532dc5defe90f8", size = 8434043, upload-time = "2026-02-05T23:22:18.497Z" },
    { url = "https://files.pythonhosted.org/packages/d6/01/ab3145cd1156b32d95ac6bfc3e263497e1573dae31734ed38360b904f8c8/pyscipopt-6.1.0-cp311-cp311-macosx_14_0_x86_64.whl", hash = "sha256:e5ce1be9e8a74aee6ac8ba103a82354ae9dcf726418f050a6e4118d745385a3c", size = 12298420, upload-time = "2026-02-05T23:22:20.328Z" },
    { url = "https://files.pythonhosted.org/packages/5d/c3/51bca71b84d7544b4cf7e6fd45bf6169d95cd790f73f4d19268b6a214a25/pyscipopt-6.1.0-cp311-cp311-manylinux_2_27_aarch64.manylinux_2_28_aarch64.whl", hash = "sha256:80e1dcc5de5f173653c2e80fad11f76cb78e8e1e4dcf6476a08312aacef8bcd6", size = 16362783, upload-time = "2026-02-05T23:22:22.354Z" },
    { url = "https://files.pythonhosted.org/packages/db/b4/c0310823179cccbc4e9ee51be82e2eac28944b68c5cb5b81daeeff811283/pyscipopt-6.1.0-cp311-cp311-manylinux_2_27_x86_64.manylinux_2_28_x86_64.whl", hash = "sha256:9cbd6750c5c0ac5a5cc56cd950a376235b482a11911a282dbca6373cc0ee0c7b", size = 17669440, upload-time = "2026-02-05T23:22:24.341Z" },
    { url = "https://files.pythonhosted.org/packages/dd/37/5b924aa84f214b800dd4c651eb9493093b94d7d6b6e3634965ba9f247aaa/pyscipopt-6.1.0-cp311-cp311-win_amd64.whl", hash = "sha256:2f0182a3fda6aff13e9b763dfff003de48aae8be4f08fe11362bfda29b26af56", size = 48279634, upload-time = "2026-02-05T23:22:27.697Z" },
]

[[package]]
name = "python-dateutil"
version = "2.9.0.post0"
source = { registry = "https://pypi.org/simple" }
dependencies = [
    { name = "six" },
]
sdist = { url = "https://files.pythonhosted.org/packages/66/c0/0c8b6ad9f17a802ee498c46e004a0eb49bc148f2fd230864601a86dcf6db/python-dateutil-2.9.0.post0.tar.gz", hash = "sha256:37dd54208da7e1cd875388217d5e00ebd4179249f90fb72437e91a35459a0ad3", size = 342432, upload-time = "2024-03-01T18:36:20.211Z" }
wheels = [
    { url = "https://files.pythonhosted.org/packages/ec/57/56b9bcc3c9c6a792fcbaf139543cee77261f3651ca9da0c93f5c1221264b/python_dateutil-2.9.0.post0-py2.py3-none-any.whl", hash = "sha256:a8b2bc7bffae282281c8140a97d3aa9c14da0b136dfe83f850eea9a5f7470427", size = 229892, upload-time = "2024-03-01T18:36:18.57Z" },
]

[[package]]
name = "scipy"
version = "1.17.0"
source = { registry = "https://pypi.org/simple" }
dependencies = [
    { name = "numpy" },
]
sdist = { url = "https://files.pythonhosted.org/packages/56/3e/9cca699f3486ce6bc12ff46dc2031f1ec8eb9ccc9a320fdaf925f1417426/scipy-1.17.0.tar.gz", hash = "sha256:2591060c8e648d8b96439e111ac41fd8342fdeff1876be2e19dea3fe8930454e", size = 30396830, upload-time = "2026-01-10T21:34:23.009Z" }
wheels = [
    { url = "https://files.pythonhosted.org/packages/1e/4b/c89c131aa87cad2b77a54eb0fb94d633a842420fa7e919dc2f922037c3d8/scipy-1.17.0-cp311-cp311-macosx_10_14_x86_64.whl", hash = "sha256:2abd71643797bd8a106dff97894ff7869eeeb0af0f7a5ce02e4227c6a2e9d6fd", size = 31381316, upload-time = "2026-01-10T21:24:33.42Z" },
    { url = "https://files.pythonhosted.org/packages/5e/5f/a6b38f79a07d74989224d5f11b55267714707582908a5f1ae854cf9a9b84/scipy-1.17.0-cp311-cp311-macosx_12_0_arm64.whl", hash = "sha256:ef28d815f4d2686503e5f4f00edc387ae58dfd7a2f42e348bb53359538f01558", size = 27966760, upload-time = "2026-01-10T21:24:38.911Z" },
    { url = "https://files.pythonhosted.org/packages/c1/20/095ad24e031ee8ed3c5975954d816b8e7e2abd731e04f8be573de8740885/scipy-1.17.0-cp311-cp311-macosx_14_0_arm64.whl", hash = "sha256:272a9f16d6bb4667e8b50d25d71eddcc2158a214df1b566319298de0939d2ab7", size = 20138701, upload-time = "2026-01-10T21:24:43.249Z" },
    { url = "https://files.pythonhosted.org/packages/89/11/4aad2b3858d0337756f3323f8960755704e530b27eb2a94386c970c32cbe/scipy-1.17.0-cp311-cp311-macosx_14_0_x86_64.whl", hash = "sha256:7204fddcbec2fe6598f1c5fdf027e9f259106d05202a959a9f1aecf036adc9f6", size = 22480574, upload-time = "2026-01-10T21:24:47.266Z" },
    { url = "https://files.pythonhosted.org/packages/85/bd/f5af70c28c6da2227e510875cadf64879855193a687fb19951f0f44cfd6b/scipy-1.17.0-cp311-cp311-manylinux_2_27_aarch64.manylinux_2_28_aarch64.whl", hash = "sha256:fc02c37a5639ee67d8fb646ffded6d793c06c5622d36b35cfa8fe5ececb8f042", size = 32862414, upload-time = "2026-01-10T21:24:52.566Z" },
    { url = "https://files.pythonhosted.org/packages/ef/df/df1457c4df3826e908879fe3d76bc5b6e60aae45f4ee42539512438cfd5d/scipy-1.17.0-cp311-cp311-manylinux_2_27_x86_64.manylinux_2_28_x86_64.whl", hash = "sha256:dac97a27520d66c12a34fd90a4fe65f43766c18c0d6e1c0a80f114d2260080e4", size = 35112380, upload-time = "2026-01-10T21:24:58.433Z" },
    { url = "https://files.pythonhosted.org/packages/5f/bb/88e2c16bd1dd4de19d80d7c5e238387182993c2fb13b4b8111e3927ad422/scipy-1.17.0-cp311-cp311-musllinux_1_2_aarch64.whl", hash = "sha256:ebb7446a39b3ae0fe8f416a9a3fdc6fba3f11c634f680f16a239c5187bc487c0", size = 34922676, upload-time = "2026-01-10T21:25:04.287Z" },
    { url = "https://files.pythonhosted.org/packages/02/ba/5120242cc735f71fc002cff0303d536af4405eb265f7c60742851e7ccfe9/scipy-1.17.0-cp311-cp311-musllinux_1_2_x86_64.whl", hash = "sha256:474da16199f6af66601a01546144922ce402cb17362e07d82f5a6cf8f963e449", size = 37507599, upload-time = "2026-01-10T21:25:09.851Z" },
    { url = "https://files.pythonhosted.org/packages/52/c8/08629657ac6c0da198487ce8cd3de78e02cfde42b7f34117d56a3fe249dc/scipy-1.17.0-cp311-cp311-win_amd64.whl", hash = "sha256:255c0da161bd7b32a6c898e7891509e8a9289f0b1c6c7d96142ee0d2b114c2ea", size = 36380284, upload-time = "2026-01-10T21:25:15.632Z" },
    { url = "https://files.pythonhosted.org/packages/6c/4a/465f96d42c6f33ad324a40049dfd63269891db9324aa66c4a1c108c6f994/scipy-1.17.0-cp311-cp311-win_arm64.whl", hash = "sha256:85b0ac3ad17fa3be50abd7e69d583d98792d7edc08367e01445a1e2076005379", size = 24370427, upload-time = "2026-01-10T21:25:20.514Z" },
]

[[package]]
name = "setuptools"
version = "80.0.0"
source = { registry = "https://pypi.org/simple" }
sdist = { url = "https://files.pythonhosted.org/packages/44/80/97e25f0f1e4067677806084b7382a6ff9979f3d15119375c475c288db9d7/setuptools-80.0.0.tar.gz", hash = "sha256:c40a5b3729d58dd749c0f08f1a07d134fb8a0a3d7f87dc33e7c5e1f762138650", size = 1354221, upload-time = "2025-04-27T17:21:10.806Z" }
wheels = [
    { url = "https://files.pythonhosted.org/packages/23/63/5517029d6696ddf2bd378d46f63f479be001c31b462303170a1da57650cb/setuptools-80.0.0-py3-none-any.whl", hash = "sha256:a38f898dcd6e5380f4da4381a87ec90bd0a7eec23d204a5552e80ee3cab6bd27", size = 1240907, upload-time = "2025-04-27T17:21:09.175Z" },
]

[[package]]
name = "six"
version = "1.17.0"
source = { registry = "https://pypi.org/simple" }
sdist = { url = "https://files.pythonhosted.org/packages/94/e7/b2c673351809dca68a0e064b6af791aa332cf192da575fd474ed7d6f16a2/six-1.17.0.tar.gz", hash = "sha256:ff70335d468e7eb6ec65b95b99d3a2836546063f63acc5171de367e834932a81", size = 34031, upload-time = "2024-12-04T17:35:28.174Z" }
wheels = [
    { url = "https://files.pythonhosted.org/packages/b7/ce/149a00dd41f10bc29e5921b496af8b574d8413afcd5e30dfa0ed46c2cc5e/six-1.17.0-py2.py3-none-any.whl", hash = "sha256:4721f391ed90541fddacab5acf947aa0d3dc7d27b2e1e8eda2be8970586c3274", size = 11050, upload-time = "2024-12-04T17:35:26.475Z" },
]

[[package]]
name = "typing-extensions"
version = "4.15.0"
source = { registry = "https://pypi.org/simple" }
sdist = { url = "https://files.pythonhosted.org/packages/72/94/1a15dd82efb362ac84269196e94cf00f187f7ed21c242792a923cdb1c61f/typing_extensions-4.15.0.tar.gz", hash = "sha256:0cea48d173cc12fa28ecabc3b837ea3cf6f38c6d1136f85cbaaf598984861466", size = 109391, upload-time = "2025-08-25T13:49:26.313Z" }
wheels = [
    { url = "https://files.pythonhosted.org/packages/18/67/36e9267722cc04a6b9f15c7f3441c2363321a3ea07da7ae0c0707beb2a9c/typing_extensions-4.15.0-py3-none-any.whl", hash = "sha256:f0fa19c6845758ab08074a0cfa8b7aecb71c999ca73d62883bc25cc018c4e548", size = 44614, upload-time = "2025-08-25T13:49:24.86Z" },
]

[[package]]
name = "tzdata"
version = "2025.3"
source = { registry = "https://pypi.org/simple" }
sdist = { url = "https://files.pythonhosted.org/packages/5e/a7/c202b344c5ca7daf398f3b8a477eeb205cf3b6f32e7ec3a6bac0629ca975/tzdata-2025.3.tar.gz", hash = "sha256:de39c2ca5dc7b0344f2eba86f49d614019d29f060fc4ebc8a417896a620b56a7", size = 196772, upload-time = "2025-12-13T17:45:35.667Z" }
wheels = [
    { url = "https://files.pythonhosted.org/packages/c7/b0/003792df09decd6849a5e39c28b513c06e84436a54440380862b5aeff25d/tzdata-2025.3-py2.py3-none-any.whl", hash = "sha256:06a47e5700f3081aab02b2e513160914ff0694bce9947d6b76ebd6bf57cfc5d1", size = 348521, upload-time = "2025-12-13T17:45:33.889Z" },
]

[[package]]
name = "win32-setctime"
version = "1.2.0"
source = { registry = "https://pypi.org/simple" }
sdist = { url = "https://files.pythonhosted.org/packages/b3/8f/705086c9d734d3b663af0e9bb3d4de6578d08f46b1b101c2442fd9aecaa2/win32_setctime-1.2.0.tar.gz", hash = "sha256:ae1fdf948f5640aae05c511ade119313fb6a30d7eabe25fef9764dca5873c4c0", size = 4867, upload-time = "2024-12-07T15:28:28.314Z" }
wheels = [
    { url = "https://files.pythonhosted.org/packages/e1/07/c6fe3ad3e685340704d314d765b7912993bcb8dc198f0e7a89382d37974b/win32_setctime-1.2.0-py3-none-any.whl", hash = "sha256:95d644c4e708aba81dc3704a116d8cbc974d70b3bdb8be1d150e36be6e9d1390", size = 4083, upload-time = "2024-12-07T15:28:26.465Z" },
]
